
Microsoft Visual Studio Solution File, Format Version 12.00
# Visual Studio 2013
VisualStudioVersion = 12.0.31101.0
MinimumVisualStudioVersion = 10.0.40219.1
Project("{FAE04EC0-301F-11D3-BF4B-00C04F79EFBC}") = "KotorMain", "KotoriMain\KotorMain.csproj", "{240E63CC-9A1B-4C17-BFD9-5D6B75CB4406}"
EndProject
Project("{FAE04EC0-301F-11D3-BF4B-00C04F79EFBC}") = "KotoriLib", "KotoriLib\KotoriLib.csproj", "{C5A52345-8C5B-43DA-B700-62C7DB6FB6DA}"
EndProject
Project("{FAE04EC0-301F-11D3-BF4B-00C04F79EFBC}") = "ApplicationSample", "ApplicationSample\ApplicationSample.csproj", "{EAF0E9F6-2480-4D3A-829E-DB58416C731B}"
EndProject
Global
	GlobalSection(SolutionConfigurationPlatforms) = preSolution
		Debug|Any CPU = Debug|Any CPU
		Release|Any CPU = Release|Any CPU
	EndGlobalSection
	GlobalSection(ProjectConfigurationPlatforms) = postSolution
		{240E63CC-9A1B-4C17-BFD9-5D6B75CB4406}.Debug|Any CPU.ActiveCfg = Debug|Any CPU
		{240E63CC-9A1B-4C17-BFD9-5D6B75CB4406}.Debug|Any CPU.Build.0 = Debug|Any CPU
		{240E63CC-9A1B-4C17-BFD9-5D6B75CB4406}.Release|Any CPU.ActiveCfg = Release|Any CPU
		{240E63CC-9A1B-4C17-BFD9-5D6B75CB4406}.Release|Any CPU.Build.0 = Release|Any CPU
		{C5A52345-8C5B-43DA-B700-62C7DB6FB6DA}.Debug|Any CPU.ActiveCfg = Debug|Any CPU
		{C5A52345-8C5B-43DA-B700-62C7DB6FB6DA}.Debug|Any CPU.Build.0 = Debug|Any CPU
		{C5A52345-8C5B-43DA-B700-62C7DB6FB6DA}.Release|Any CPU.ActiveCfg = Release|Any CPU
		{C5A52345-8C5B-43DA-B700-62C7DB6FB6DA}.Release|Any CPU.Build.0 = Release|Any CPU
		{EAF0E9F6-2480-4D3A-829E-DB58416C731B}.Debug|Any CPU.ActiveCfg = Debug|Any CPU
		{EAF0E9F6-2480-4D3A-829E-DB58416C731B}.Debug|Any CPU.Build.0 = Debug|Any CPU
		{EAF0E9F6-2480-4D3A-829E-DB58416C731B}.Release|Any CPU.ActiveCfg = Release|Any CPU
		{EAF0E9F6-2480-4D3A-829E-DB58416C731B}.Release|Any CPU.Build.0 = Release|Any CPU
	EndGlobalSection
	GlobalSection(SolutionProperties) = preSolution
		HideSolutionNode = FALSE
	EndGlobalSection
EndGlobal
